
Microsoft Visual Studio Solution File, Format Version 12.00
# Visual Studio Version 17
VisualStudioVersion = 17.9.34607.119
MinimumVisualStudioVersion = 10.0.40219.1
Project("{FAE04EC0-301F-11D3-BF4B-00C04F79EFBC}") = "rinha-dot-net-aot", "rinha-dot-net-aot.csproj", "{35EDFC9D-9583-40A8-8104-F47F1377E85E}"
EndProject
Global
	GlobalSection(SolutionConfigurationPlatforms) = preSolution
		Debug|Any CPU = Debug|Any CPU
		Release|Any CPU = Release|Any CPU
	EndGlobalSection
	GlobalSection(ProjectConfigurationPlatforms) = postSolution
		{35EDFC9D-9583-40A8-8104-F47F1377E85E}.Debug|Any CPU.ActiveCfg = Debug|Any CPU
		{35EDFC9D-9583-40A8-8104-F47F1377E85E}.Debug|Any CPU.Build.0 = Debug|Any CPU
		{35EDFC9D-9583-40A8-8104-F47F1377E85E}.Release|Any CPU.ActiveCfg = Release|Any CPU
		{35EDFC9D-9583-40A8-8104-F47F1377E85E}.Release|Any CPU.Build.0 = Release|Any CPU
	EndGlobalSection
	GlobalSection(SolutionProperties) = preSolution
		HideSolutionNode = FALSE
	EndGlobalSection
	GlobalSection(ExtensibilityGlobals) = postSolution
		SolutionGuid = {6454D278-BF55-4709-BB22-AC0760151EDE}
	EndGlobalSection
EndGlobal
